
Microsoft Visual Studio Solution File, Format Version 12.00
# Visual Studio Version 16
VisualStudioVersion = 16.0.29613.14
MinimumVisualStudioVersion = 10.0.40219.1
Project("{FAE04EC0-301F-11D3-BF4B-00C04F79EFBC}") = "Proxy", "Proxy\Proxy.csproj", "{D5485BE5-3EFC-44CE-AE79-FA9783E24200}"
EndProject
Global
	GlobalSection(SolutionConfigurationPlatforms) = preSolution
		Debug|Any CPU = Debug|Any CPU
		Release|Any CPU = Release|Any CPU
	EndGlobalSection
	GlobalSection(ProjectConfigurationPlatforms) = postSolution
		{D5485BE5-3EFC-44CE-AE79-FA9783E24200}.Debug|Any CPU.ActiveCfg = Debug|Any CPU
		{D5485BE5-3EFC-44CE-AE79-FA9783E24200}.Debug|Any CPU.Build.0 = Debug|Any CPU
		{D5485BE5-3EFC-44CE-AE79-FA9783E24200}.Release|Any CPU.ActiveCfg = Release|Any CPU
		{D5485BE5-3EFC-44CE-AE79-FA9783E24200}.Release|Any CPU.Build.0 = Release|Any CPU
	EndGlobalSection
	GlobalSection(SolutionProperties) = preSolution
		HideSolutionNode = FALSE
	EndGlobalSection
	GlobalSection(ExtensibilityGlobals) = postSolution
		SolutionGuid = {DE658076-0B62-4764-83E8-50D0D717C28E}
	EndGlobalSection
EndGlobal
