
Microsoft Visual Studio Solution File, Format Version 12.00
# Visual Studio Version 16
VisualStudioVersion = 16.0.29613.14
MinimumVisualStudioVersion = 10.0.40219.1
Project("{FAE04EC0-301F-11D3-BF4B-00C04F79EFBC}") = "Proxy", "Proxy\Proxy.csproj", "{D5485BE5-3EFC-44CE-AE79-FA9783E24200}"
EndProject
Project("{FAE04EC0-301F-11D3-BF4B-00C04F79EFBC}") = "connection test", "connection test\connection test.csproj", "{CA1DEE45-DA55-4AB4-8957-13DBB73611E3}"
EndProject
Project("{FAE04EC0-301F-11D3-BF4B-00C04F79EFBC}") = "replay connection", "replay connection\replay connection.csproj", "{937F19CB-E4D2-4711-9A23-820BA90CDD60}"
EndProject
Project("{FAE04EC0-301F-11D3-BF4B-00C04F79EFBC}") = "ProxyForm", "ProxyForm\ProxyForm.csproj", "{B5346F21-E355-484C-AFD3-C324BE9D45C8}"
EndProject
Project("{2150E333-8FDC-42A3-9474-1A3956D46DE8}") = "Helper", "Helper", "{22EB93DE-90F7-4643-A0BD-5281CBCD336D}"
EndProject
Project("{2150E333-8FDC-42A3-9474-1A3956D46DE8}") = "Proxy.App", "Proxy.App", "{AAB2A1BA-D282-49AA-9289-8CF1CAAA03B5}"
EndProject
Project("{FAE04EC0-301F-11D3-BF4B-00C04F79EFBC}") = "MultiServer", "MultiServer\MultiServer.csproj", "{A597210E-D1E1-4570-BF1F-B3847AA3D2F3}"
EndProject
Project("{FAE04EC0-301F-11D3-BF4B-00C04F79EFBC}") = "MultiServer.Lib", "MultiServer.Lib\MultiServer.Lib.csproj", "{17962D4B-76B8-4C64-A23F-72B14474F663}"
EndProject
Project("{FAE04EC0-301F-11D3-BF4B-00C04F79EFBC}") = "MultiClient", "MultiClient\MultiClient.csproj", "{ED7695F1-99F3-416A-9825-6E427AAF939B}"
EndProject
Project("{2150E333-8FDC-42A3-9474-1A3956D46DE8}") = "Multi", "Multi", "{8083636A-7A73-45A5-A091-E8135F567DB0}"
EndProject
Global
	GlobalSection(SolutionConfigurationPlatforms) = preSolution
		Debug|Any CPU = Debug|Any CPU
		Release|Any CPU = Release|Any CPU
	EndGlobalSection
	GlobalSection(ProjectConfigurationPlatforms) = postSolution
		{D5485BE5-3EFC-44CE-AE79-FA9783E24200}.Debug|Any CPU.ActiveCfg = Debug|Any CPU
		{D5485BE5-3EFC-44CE-AE79-FA9783E24200}.Debug|Any CPU.Build.0 = Debug|Any CPU
		{D5485BE5-3EFC-44CE-AE79-FA9783E24200}.Release|Any CPU.ActiveCfg = Release|Any CPU
		{D5485BE5-3EFC-44CE-AE79-FA9783E24200}.Release|Any CPU.Build.0 = Release|Any CPU
		{CA1DEE45-DA55-4AB4-8957-13DBB73611E3}.Debug|Any CPU.ActiveCfg = Debug|Any CPU
		{CA1DEE45-DA55-4AB4-8957-13DBB73611E3}.Debug|Any CPU.Build.0 = Debug|Any CPU
		{CA1DEE45-DA55-4AB4-8957-13DBB73611E3}.Release|Any CPU.ActiveCfg = Release|Any CPU
		{CA1DEE45-DA55-4AB4-8957-13DBB73611E3}.Release|Any CPU.Build.0 = Release|Any CPU
		{937F19CB-E4D2-4711-9A23-820BA90CDD60}.Debug|Any CPU.ActiveCfg = Debug|Any CPU
		{937F19CB-E4D2-4711-9A23-820BA90CDD60}.Debug|Any CPU.Build.0 = Debug|Any CPU
		{937F19CB-E4D2-4711-9A23-820BA90CDD60}.Release|Any CPU.ActiveCfg = Release|Any CPU
		{937F19CB-E4D2-4711-9A23-820BA90CDD60}.Release|Any CPU.Build.0 = Release|Any CPU
		{B5346F21-E355-484C-AFD3-C324BE9D45C8}.Debug|Any CPU.ActiveCfg = Debug|Any CPU
		{B5346F21-E355-484C-AFD3-C324BE9D45C8}.Debug|Any CPU.Build.0 = Debug|Any CPU
		{B5346F21-E355-484C-AFD3-C324BE9D45C8}.Release|Any CPU.ActiveCfg = Release|Any CPU
		{B5346F21-E355-484C-AFD3-C324BE9D45C8}.Release|Any CPU.Build.0 = Release|Any CPU
		{A597210E-D1E1-4570-BF1F-B3847AA3D2F3}.Debug|Any CPU.ActiveCfg = Debug|Any CPU
		{A597210E-D1E1-4570-BF1F-B3847AA3D2F3}.Debug|Any CPU.Build.0 = Debug|Any CPU
		{A597210E-D1E1-4570-BF1F-B3847AA3D2F3}.Release|Any CPU.ActiveCfg = Release|Any CPU
		{A597210E-D1E1-4570-BF1F-B3847AA3D2F3}.Release|Any CPU.Build.0 = Release|Any CPU
		{17962D4B-76B8-4C64-A23F-72B14474F663}.Debug|Any CPU.ActiveCfg = Debug|Any CPU
		{17962D4B-76B8-4C64-A23F-72B14474F663}.Debug|Any CPU.Build.0 = Debug|Any CPU
		{17962D4B-76B8-4C64-A23F-72B14474F663}.Release|Any CPU.ActiveCfg = Release|Any CPU
		{17962D4B-76B8-4C64-A23F-72B14474F663}.Release|Any CPU.Build.0 = Release|Any CPU
		{ED7695F1-99F3-416A-9825-6E427AAF939B}.Debug|Any CPU.ActiveCfg = Debug|Any CPU
		{ED7695F1-99F3-416A-9825-6E427AAF939B}.Debug|Any CPU.Build.0 = Debug|Any CPU
		{ED7695F1-99F3-416A-9825-6E427AAF939B}.Release|Any CPU.ActiveCfg = Release|Any CPU
		{ED7695F1-99F3-416A-9825-6E427AAF939B}.Release|Any CPU.Build.0 = Release|Any CPU
	EndGlobalSection
	GlobalSection(SolutionProperties) = preSolution
		HideSolutionNode = FALSE
	EndGlobalSection
	GlobalSection(NestedProjects) = preSolution
		{D5485BE5-3EFC-44CE-AE79-FA9783E24200} = {AAB2A1BA-D282-49AA-9289-8CF1CAAA03B5}
		{CA1DEE45-DA55-4AB4-8957-13DBB73611E3} = {22EB93DE-90F7-4643-A0BD-5281CBCD336D}
		{937F19CB-E4D2-4711-9A23-820BA90CDD60} = {22EB93DE-90F7-4643-A0BD-5281CBCD336D}
		{B5346F21-E355-484C-AFD3-C324BE9D45C8} = {AAB2A1BA-D282-49AA-9289-8CF1CAAA03B5}
		{A597210E-D1E1-4570-BF1F-B3847AA3D2F3} = {8083636A-7A73-45A5-A091-E8135F567DB0}
		{17962D4B-76B8-4C64-A23F-72B14474F663} = {8083636A-7A73-45A5-A091-E8135F567DB0}
		{ED7695F1-99F3-416A-9825-6E427AAF939B} = {8083636A-7A73-45A5-A091-E8135F567DB0}
	EndGlobalSection
	GlobalSection(ExtensibilityGlobals) = postSolution
		SolutionGuid = {DE658076-0B62-4764-83E8-50D0D717C28E}
	EndGlobalSection
EndGlobal
